// !$*UTF8*$!
{
	archiveVersion = 1;
	classes = {
	};
	objectVersion = 46;
	objects = {

/* Begin PBXBuildFile section */
		63EA6A0A1A7D854200B20C4A /* ConnectViewController.swift in Sources */ = {isa = PBXBuildFile; fileRef = 63EA6A091A7D854200B20C4A /* ConnectViewController.swift */; };
		63EA6A0C1A7D855100B20C4A /* SyncViewController.swift in Sources */ = {isa = PBXBuildFile; fileRef = 63EA6A0B1A7D855100B20C4A /* SyncViewController.swift */; };
		63EA6A0E1A7D855F00B20C4A /* ControllerViewController.swift in Sources */ = {isa = PBXBuildFile; fileRef = 63EA6A0D1A7D855F00B20C4A /* ControllerViewController.swift */; };
		63EA6A1F1A7D92B400B20C4A /* Gesture-reference-gesture.gif in Resources */ = {isa = PBXBuildFile; fileRef = 63EA6A1E1A7D92B400B20C4A /* Gesture-reference-gesture.gif */; };
		63EA6A281A7D96C400B20C4A /* gesture.html in Resources */ = {isa = PBXBuildFile; fileRef = 63EA6A271A7D96C400B20C4A /* gesture.html */; };
		63EA6A2A1A7D975200B20C4A /* Notes in Resources */ = {isa = PBXBuildFile; fileRef = 63EA6A291A7D975200B20C4A /* Notes */; };
		63F38EE51A7D6BDE0062E3D8 /* AppDelegate.swift in Sources */ = {isa = PBXBuildFile; fileRef = 63F38EE41A7D6BDE0062E3D8 /* AppDelegate.swift */; };
		63F38EEA1A7D6BDE0062E3D8 /* Main.storyboard in Resources */ = {isa = PBXBuildFile; fileRef = 63F38EE81A7D6BDE0062E3D8 /* Main.storyboard */; };
		63F38EEC1A7D6BDE0062E3D8 /* Images.xcassets in Resources */ = {isa = PBXBuildFile; fileRef = 63F38EEB1A7D6BDE0062E3D8 /* Images.xcassets */; };
		63F38EEF1A7D6BDE0062E3D8 /* LaunchScreen.xib in Resources */ = {isa = PBXBuildFile; fileRef = 63F38EED1A7D6BDE0062E3D8 /* LaunchScreen.xib */; };
		63F38EFB1A7D6BDE0062E3D8 /* MyoLeviathanTests.swift in Sources */ = {isa = PBXBuildFile; fileRef = 63F38EFA1A7D6BDE0062E3D8 /* MyoLeviathanTests.swift */; };
		63F38F081A7D6E580062E3D8 /* MyoKit.framework in Frameworks */ = {isa = PBXBuildFile; fileRef = 63F38F071A7D6E580062E3D8 /* MyoKit.framework */; };
		63F38F0A1A7D6E650062E3D8 /* CoreBluetooth.framework in Frameworks */ = {isa = PBXBuildFile; fileRef = 63F38F091A7D6E650062E3D8 /* CoreBluetooth.framework */; };
		63F38F0C1A7D6E740062E3D8 /* SystemConfiguration.framework in Frameworks */ = {isa = PBXBuildFile; fileRef = 63F38F0B1A7D6E740062E3D8 /* SystemConfiguration.framework */; };
		63F38F131A7D842E0062E3D8 /* MyoManager.swift in Sources */ = {isa = PBXBuildFile; fileRef = 63F38F121A7D842E0062E3D8 /* MyoManager.swift */; };
		63FCF1B81A7D9ACE00571873 /* Random.swift in Sources */ = {isa = PBXBuildFile; fileRef = 63FCF1B41A7D9ACE00571873 /* Random.swift */; };
		63FCF1B91A7D9ACE00571873 /* Regex.swift in Sources */ = {isa = PBXBuildFile; fileRef = 63FCF1B51A7D9ACE00571873 /* Regex.swift */; };
		63FCF1BA1A7D9ACE00571873 /* Singleton.swift in Sources */ = {isa = PBXBuildFile; fileRef = 63FCF1B61A7D9ACE00571873 /* Singleton.swift */; };
		63FCF1BB1A7D9ACE00571873 /* Timer.swift in Sources */ = {isa = PBXBuildFile; fileRef = 63FCF1B71A7D9ACE00571873 /* Timer.swift */; };
		63FCF1BE1A7D9AD600571873 /* JSON.swift in Sources */ = {isa = PBXBuildFile; fileRef = 63FCF1BC1A7D9AD600571873 /* JSON.swift */; };
		63FCF1BF1A7D9AD600571873 /* Logging.swift in Sources */ = {isa = PBXBuildFile; fileRef = 63FCF1BD1A7D9AD600571873 /* Logging.swift */; };
		63FCF1C11A7D9ADC00571873 /* Directory.swift in Sources */ = {isa = PBXBuildFile; fileRef = 63FCF1C01A7D9ADC00571873 /* Directory.swift */; };
		63FCF1C91A7D9ADF00571873 /* ArrayExtension.swift in Sources */ = {isa = PBXBuildFile; fileRef = 63FCF1C31A7D9ADF00571873 /* ArrayExtension.swift */; };
		63FCF1CA1A7D9ADF00571873 /* ColorExtension.swift in Sources */ = {isa = PBXBuildFile; fileRef = 63FCF1C41A7D9ADF00571873 /* ColorExtension.swift */; };
		63FCF1CB1A7D9ADF00571873 /* ImageExtension.swift in Sources */ = {isa = PBXBuildFile; fileRef = 63FCF1C51A7D9ADF00571873 /* ImageExtension.swift */; };
		63FCF1CC1A7D9ADF00571873 /* NSDataExtension.swift in Sources */ = {isa = PBXBuildFile; fileRef = 63FCF1C61A7D9ADF00571873 /* NSDataExtension.swift */; };
		63FCF1CD1A7D9ADF00571873 /* NSNumberExtension.swift in Sources */ = {isa = PBXBuildFile; fileRef = 63FCF1C71A7D9ADF00571873 /* NSNumberExtension.swift */; };
		63FCF1CE1A7D9ADF00571873 /* StringExtension.swift in Sources */ = {isa = PBXBuildFile; fileRef = 63FCF1C81A7D9ADF00571873 /* StringExtension.swift */; };
		63FCF1D01A7D9AE300571873 /* Bundle.swift in Sources */ = {isa = PBXBuildFile; fileRef = 63FCF1CF1A7D9AE300571873 /* Bundle.swift */; };
		63FCF1D61A7D9AF900571873 /* Connection.swift in Sources */ = {isa = PBXBuildFile; fileRef = 63FCF1D21A7D9AF900571873 /* Connection.swift */; };
		63FCF1D71A7D9AF900571873 /* ConnectionManager.swift in Sources */ = {isa = PBXBuildFile; fileRef = 63FCF1D31A7D9AF900571873 /* ConnectionManager.swift */; };
		63FCF1D81A7D9AF900571873 /* Packet.swift in Sources */ = {isa = PBXBuildFile; fileRef = 63FCF1D41A7D9AF900571873 /* Packet.swift */; };
		63FCF1D91A7D9AF900571873 /* Reachability.swift in Sources */ = {isa = PBXBuildFile; fileRef = 63FCF1D51A7D9AF900571873 /* Reachability.swift */; };
		63FCF1DB1A7D9F0F00571873 /* flblog.png in Resources */ = {isa = PBXBuildFile; fileRef = 63FCF1DA1A7D9F0F00571873 /* flblog.png */; };
		63FCF1DD1A7DD42900571873 /* Packets.swift in Sources */ = {isa = PBXBuildFile; fileRef = 63FCF1DC1A7DD42900571873 /* Packets.swift */; };
		63FCF1DF1A7E1A8C00571873 /* clenched_fist-48.png in Resources */ = {isa = PBXBuildFile; fileRef = 63FCF1DE1A7E1A8C00571873 /* clenched_fist-48.png */; };
		63FCF1E61A7E20C300571873 /* ClockMath.swift in Sources */ = {isa = PBXBuildFile; fileRef = 63FCF1E11A7E20C300571873 /* ClockMath.swift */; };
		63FCF1E71A7E20C300571873 /* MatrixMath.swift in Sources */ = {isa = PBXBuildFile; fileRef = 63FCF1E21A7E20C300571873 /* MatrixMath.swift */; };
		63FCF1E81A7E20C300571873 /* SequnceGenerators.swift in Sources */ = {isa = PBXBuildFile; fileRef = 63FCF1E31A7E20C300571873 /* SequnceGenerators.swift */; };
		63FCF1E91A7E20C300571873 /* SwiftMath.swift in Sources */ = {isa = PBXBuildFile; fileRef = 63FCF1E41A7E20C300571873 /* SwiftMath.swift */; };
		63FCF1EA1A7E20C300571873 /* VectorMath.swift in Sources */ = {isa = PBXBuildFile; fileRef = 63FCF1E51A7E20C300571873 /* VectorMath.swift */; };
		63FCF1ED1A7E20CE00571873 /* DoubleExtension.swift in Sources */ = {isa = PBXBuildFile; fileRef = 63FCF1EB1A7E20CE00571873 /* DoubleExtension.swift */; };
/* End PBXBuildFile section */

/* Begin PBXContainerItemProxy section */
		63F38EF51A7D6BDE0062E3D8 /* PBXContainerItemProxy */ = {
			isa = PBXContainerItemProxy;
			containerPortal = 63F38ED71A7D6BDE0062E3D8 /* Project object */;
			proxyType = 1;
			remoteGlobalIDString = 63F38EDE1A7D6BDE0062E3D8;
			remoteInfo = MyoLeviathan;
		};
/* End PBXContainerItemProxy section */

/* Begin PBXFileReference section */
		63EA6A091A7D854200B20C4A /* ConnectViewController.swift */ = {isa = PBXFileReference; fileEncoding = 4; lastKnownFileType = sourcecode.swift; path = ConnectViewController.swift; sourceTree = "<group>"; };
		63EA6A0B1A7D855100B20C4A /* SyncViewController.swift */ = {isa = PBXFileReference; fileEncoding = 4; lastKnownFileType = sourcecode.swift; path = SyncViewController.swift; sourceTree = "<group>"; };
		63EA6A0D1A7D855F00B20C4A /* ControllerViewController.swift */ = {isa = PBXFileReference; fileEncoding = 4; lastKnownFileType = sourcecode.swift; path = ControllerViewController.swift; sourceTree = "<group>"; };
		63EA6A1E1A7D92B400B20C4A /* Gesture-reference-gesture.gif */ = {isa = PBXFileReference; lastKnownFileType = image.gif; path = "Gesture-reference-gesture.gif"; sourceTree = "<group>"; };
		63EA6A271A7D96C400B20C4A /* gesture.html */ = {isa = PBXFileReference; fileEncoding = 4; lastKnownFileType = text.html; path = gesture.html; sourceTree = "<group>"; };
		63EA6A291A7D975200B20C4A /* Notes */ = {isa = PBXFileReference; fileEncoding = 4; lastKnownFileType = text; path = Notes; sourceTree = "<group>"; };
		63F38EDF1A7D6BDE0062E3D8 /* MyoLeviathan.app */ = {isa = PBXFileReference; explicitFileType = wrapper.application; includeInIndex = 0; path = MyoLeviathan.app; sourceTree = BUILT_PRODUCTS_DIR; };
		63F38EE31A7D6BDE0062E3D8 /* Info.plist */ = {isa = PBXFileReference; lastKnownFileType = text.plist.xml; path = Info.plist; sourceTree = "<group>"; };
		63F38EE41A7D6BDE0062E3D8 /* AppDelegate.swift */ = {isa = PBXFileReference; lastKnownFileType = sourcecode.swift; path = AppDelegate.swift; sourceTree = "<group>"; };
		63F38EE91A7D6BDE0062E3D8 /* Base */ = {isa = PBXFileReference; lastKnownFileType = file.storyboard; name = Base; path = Base.lproj/Main.storyboard; sourceTree = "<group>"; };
		63F38EEB1A7D6BDE0062E3D8 /* Images.xcassets */ = {isa = PBXFileReference; lastKnownFileType = folder.assetcatalog; path = Images.xcassets; sourceTree = "<group>"; };
		63F38EEE1A7D6BDE0062E3D8 /* Base */ = {isa = PBXFileReference; lastKnownFileType = file.xib; name = Base; path = Base.lproj/LaunchScreen.xib; sourceTree = "<group>"; };
		63F38EF41A7D6BDE0062E3D8 /* MyoLeviathanTests.xctest */ = {isa = PBXFileReference; explicitFileType = wrapper.cfbundle; includeInIndex = 0; path = MyoLeviathanTests.xctest; sourceTree = BUILT_PRODUCTS_DIR; };
		63F38EF91A7D6BDE0062E3D8 /* Info.plist */ = {isa = PBXFileReference; lastKnownFileType = text.plist.xml; path = Info.plist; sourceTree = "<group>"; };
		63F38EFA1A7D6BDE0062E3D8 /* MyoLeviathanTests.swift */ = {isa = PBXFileReference; lastKnownFileType = sourcecode.swift; path = MyoLeviathanTests.swift; sourceTree = "<group>"; };
		63F38F071A7D6E580062E3D8 /* MyoKit.framework */ = {isa = PBXFileReference; lastKnownFileType = wrapper.framework; path = MyoKit.framework; sourceTree = "<group>"; };
		63F38F091A7D6E650062E3D8 /* CoreBluetooth.framework */ = {isa = PBXFileReference; lastKnownFileType = wrapper.framework; name = CoreBluetooth.framework; path = System/Library/Frameworks/CoreBluetooth.framework; sourceTree = SDKROOT; };
		63F38F0B1A7D6E740062E3D8 /* SystemConfiguration.framework */ = {isa = PBXFileReference; lastKnownFileType = wrapper.framework; name = SystemConfiguration.framework; path = System/Library/Frameworks/SystemConfiguration.framework; sourceTree = SDKROOT; };
		63F38F0D1A7D70200062E3D8 /* Bridging-Header.h */ = {isa = PBXFileReference; lastKnownFileType = sourcecode.c.h; path = "Bridging-Header.h"; sourceTree = "<group>"; };
		63F38F121A7D842E0062E3D8 /* MyoManager.swift */ = {isa = PBXFileReference; fileEncoding = 4; lastKnownFileType = sourcecode.swift; path = MyoManager.swift; sourceTree = "<group>"; };
		63FCF1B41A7D9ACE00571873 /* Random.swift */ = {isa = PBXFileReference; fileEncoding = 4; lastKnownFileType = sourcecode.swift; path = Random.swift; sourceTree = "<group>"; };
		63FCF1B51A7D9ACE00571873 /* Regex.swift */ = {isa = PBXFileReference; fileEncoding = 4; lastKnownFileType = sourcecode.swift; path = Regex.swift; sourceTree = "<group>"; };
		63FCF1B61A7D9ACE00571873 /* Singleton.swift */ = {isa = PBXFileReference; fileEncoding = 4; lastKnownFileType = sourcecode.swift; path = Singleton.swift; sourceTree = "<group>"; };
		63FCF1B71A7D9ACE00571873 /* Timer.swift */ = {isa = PBXFileReference; fileEncoding = 4; lastKnownFileType = sourcecode.swift; path = Timer.swift; sourceTree = "<group>"; };
		63FCF1BC1A7D9AD600571873 /* JSON.swift */ = {isa = PBXFileReference; fileEncoding = 4; lastKnownFileType = sourcecode.swift; path = JSON.swift; sourceTree = "<group>"; };
		63FCF1BD1A7D9AD600571873 /* Logging.swift */ = {isa = PBXFileReference; fileEncoding = 4; lastKnownFileType = sourcecode.swift; path = Logging.swift; sourceTree = "<group>"; };
		63FCF1C01A7D9ADC00571873 /* Directory.swift */ = {isa = PBXFileReference; fileEncoding = 4; lastKnownFileType = sourcecode.swift; path = Directory.swift; sourceTree = "<group>"; };
		63FCF1C31A7D9ADF00571873 /* ArrayExtension.swift */ = {isa = PBXFileReference; fileEncoding = 4; lastKnownFileType = sourcecode.swift; path = ArrayExtension.swift; sourceTree = "<group>"; };
		63FCF1C41A7D9ADF00571873 /* ColorExtension.swift */ = {isa = PBXFileReference; fileEncoding = 4; lastKnownFileType = sourcecode.swift; path = ColorExtension.swift; sourceTree = "<group>"; };
		63FCF1C51A7D9ADF00571873 /* ImageExtension.swift */ = {isa = PBXFileReference; fileEncoding = 4; lastKnownFileType = sourcecode.swift; path = ImageExtension.swift; sourceTree = "<group>"; };
		63FCF1C61A7D9ADF00571873 /* NSDataExtension.swift */ = {isa = PBXFileReference; fileEncoding = 4; lastKnownFileType = sourcecode.swift; path = NSDataExtension.swift; sourceTree = "<group>"; };
		63FCF1C71A7D9ADF00571873 /* NSNumberExtension.swift */ = {isa = PBXFileReference; fileEncoding = 4; lastKnownFileType = sourcecode.swift; path = NSNumberExtension.swift; sourceTree = "<group>"; };
		63FCF1C81A7D9ADF00571873 /* StringExtension.swift */ = {isa = PBXFileReference; fileEncoding = 4; lastKnownFileType = sourcecode.swift; path = StringExtension.swift; sourceTree = "<group>"; };
		63FCF1CF1A7D9AE300571873 /* Bundle.swift */ = {isa = PBXFileReference; fileEncoding = 4; lastKnownFileType = sourcecode.swift; path = Bundle.swift; sourceTree = "<group>"; };
		63FCF1D21A7D9AF900571873 /* Connection.swift */ = {isa = PBXFileReference; fileEncoding = 4; lastKnownFileType = sourcecode.swift; path = Connection.swift; sourceTree = "<group>"; };
		63FCF1D31A7D9AF900571873 /* ConnectionManager.swift */ = {isa = PBXFileReference; fileEncoding = 4; lastKnownFileType = sourcecode.swift; path = ConnectionManager.swift; sourceTree = "<group>"; };
		63FCF1D41A7D9AF900571873 /* Packet.swift */ = {isa = PBXFileReference; fileEncoding = 4; lastKnownFileType = sourcecode.swift; path = Packet.swift; sourceTree = "<group>"; };
		63FCF1D51A7D9AF900571873 /* Reachability.swift */ = {isa = PBXFileReference; fileEncoding = 4; lastKnownFileType = sourcecode.swift; path = Reachability.swift; sourceTree = "<group>"; };
		63FCF1DA1A7D9F0F00571873 /* flblog.png */ = {isa = PBXFileReference; lastKnownFileType = image.png; path = flblog.png; sourceTree = "<group>"; };
		63FCF1DC1A7DD42900571873 /* Packets.swift */ = {isa = PBXFileReference; fileEncoding = 4; lastKnownFileType = sourcecode.swift; path = Packets.swift; sourceTree = "<group>"; };
		63FCF1DE1A7E1A8C00571873 /* clenched_fist-48.png */ = {isa = PBXFileReference; lastKnownFileType = image.png; path = "clenched_fist-48.png"; sourceTree = "<group>"; };
		63FCF1E11A7E20C300571873 /* ClockMath.swift */ = {isa = PBXFileReference; fileEncoding = 4; lastKnownFileType = sourcecode.swift; path = ClockMath.swift; sourceTree = "<group>"; };
		63FCF1E21A7E20C300571873 /* MatrixMath.swift */ = {isa = PBXFileReference; fileEncoding = 4; lastKnownFileType = sourcecode.swift; path = MatrixMath.swift; sourceTree = "<group>"; };
		63FCF1E31A7E20C300571873 /* SequnceGenerators.swift */ = {isa = PBXFileReference; fileEncoding = 4; lastKnownFileType = sourcecode.swift; path = SequnceGenerators.swift; sourceTree = "<group>"; };
		63FCF1E41A7E20C300571873 /* SwiftMath.swift */ = {isa = PBXFileReference; fileEncoding = 4; lastKnownFileType = sourcecode.swift; path = SwiftMath.swift; sourceTree = "<group>"; };
		63FCF1E51A7E20C300571873 /* VectorMath.swift */ = {isa = PBXFileReference; fileEncoding = 4; lastKnownFileType = sourcecode.swift; path = VectorMath.swift; sourceTree = "<group>"; };
		63FCF1EB1A7E20CE00571873 /* DoubleExtension.swift */ = {isa = PBXFileReference; fileEncoding = 4; lastKnownFileType = sourcecode.swift; path = DoubleExtension.swift; sourceTree = "<group>"; };
/* End PBXFileReference section */

/* Begin PBXFrameworksBuildPhase section */
		63F38EDC1A7D6BDE0062E3D8 /* Frameworks */ = {
			isa = PBXFrameworksBuildPhase;
			buildActionMask = 2147483647;
			files = (
				63F38F0C1A7D6E740062E3D8 /* SystemConfiguration.framework in Frameworks */,
				63F38F0A1A7D6E650062E3D8 /* CoreBluetooth.framework in Frameworks */,
				63F38F081A7D6E580062E3D8 /* MyoKit.framework in Frameworks */,
			);
			runOnlyForDeploymentPostprocessing = 0;
		};
		63F38EF11A7D6BDE0062E3D8 /* Frameworks */ = {
			isa = PBXFrameworksBuildPhase;
			buildActionMask = 2147483647;
			files = (
			);
			runOnlyForDeploymentPostprocessing = 0;
		};
/* End PBXFrameworksBuildPhase section */

/* Begin PBXGroup section */
		63F38ED61A7D6BDE0062E3D8 = {
			isa = PBXGroup;
			children = (
				63F38EE11A7D6BDE0062E3D8 /* MyoLeviathan */,
				63F38EF71A7D6BDE0062E3D8 /* MyoLeviathanTests */,
				63F38F061A7D6E360062E3D8 /* Frameworks */,
				63F38EE01A7D6BDE0062E3D8 /* Products */,
			);
			sourceTree = "<group>";
		};
		63F38EE01A7D6BDE0062E3D8 /* Products */ = {
			isa = PBXGroup;
			children = (
				63F38EDF1A7D6BDE0062E3D8 /* MyoLeviathan.app */,
				63F38EF41A7D6BDE0062E3D8 /* MyoLeviathanTests.xctest */,
			);
			name = Products;
			sourceTree = "<group>";
		};
		63F38EE11A7D6BDE0062E3D8 /* MyoLeviathan */ = {
			isa = PBXGroup;
			children = (
				63F38F0E1A7D7FB90062E3D8 /* Modules */,
				63F38EE41A7D6BDE0062E3D8 /* AppDelegate.swift */,
				63EA6A091A7D854200B20C4A /* ConnectViewController.swift */,
				63EA6A0B1A7D855100B20C4A /* SyncViewController.swift */,
				63EA6A0D1A7D855F00B20C4A /* ControllerViewController.swift */,
				63FCF1DC1A7DD42900571873 /* Packets.swift */,
				63F38EE81A7D6BDE0062E3D8 /* Main.storyboard */,
				63F38EEB1A7D6BDE0062E3D8 /* Images.xcassets */,
				63F38EED1A7D6BDE0062E3D8 /* LaunchScreen.xib */,
				63F38EE21A7D6BDE0062E3D8 /* Supporting Files */,
			);
			path = MyoLeviathan;
			sourceTree = "<group>";
		};
		63F38EE21A7D6BDE0062E3D8 /* Supporting Files */ = {
			isa = PBXGroup;
			children = (
				63FCF1DE1A7E1A8C00571873 /* clenched_fist-48.png */,
				63FCF1DA1A7D9F0F00571873 /* flblog.png */,
				63F38F0D1A7D70200062E3D8 /* Bridging-Header.h */,
				63F38EE31A7D6BDE0062E3D8 /* Info.plist */,
				63EA6A271A7D96C400B20C4A /* gesture.html */,
				63EA6A1E1A7D92B400B20C4A /* Gesture-reference-gesture.gif */,
				63EA6A291A7D975200B20C4A /* Notes */,
			);
			name = "Supporting Files";
			sourceTree = "<group>";
		};
		63F38EF71A7D6BDE0062E3D8 /* MyoLeviathanTests */ = {
			isa = PBXGroup;
			children = (
				63F38EFA1A7D6BDE0062E3D8 /* MyoLeviathanTests.swift */,
				63F38EF81A7D6BDE0062E3D8 /* Supporting Files */,
			);
			path = MyoLeviathanTests;
			sourceTree = "<group>";
		};
		63F38EF81A7D6BDE0062E3D8 /* Supporting Files */ = {
			isa = PBXGroup;
			children = (
				63F38EF91A7D6BDE0062E3D8 /* Info.plist */,
			);
			name = "Supporting Files";
			sourceTree = "<group>";
		};
		63F38F061A7D6E360062E3D8 /* Frameworks */ = {
			isa = PBXGroup;
			children = (
				63F38F0B1A7D6E740062E3D8 /* SystemConfiguration.framework */,
				63F38F091A7D6E650062E3D8 /* CoreBluetooth.framework */,
				63F38F071A7D6E580062E3D8 /* MyoKit.framework */,
			);
			name = Frameworks;
			sourceTree = "<group>";
		};
		63F38F0E1A7D7FB90062E3D8 /* Modules */ = {
			isa = PBXGroup;
			children = (
				63FCF1E01A7E208700571873 /* Math */,
				63FCF1D11A7D9AEB00571873 /* Network */,
				63FCF1B31A7D993F00571873 /* Util */,
				63F38F121A7D842E0062E3D8 /* MyoManager.swift */,
			);
			name = Modules;
			sourceTree = "<group>";
		};
		63FCF1B31A7D993F00571873 /* Util */ = {
			isa = PBXGroup;
			children = (
				63FCF1C21A7D9ADF00571873 /* Extensions */,
				63FCF1C01A7D9ADC00571873 /* Directory.swift */,
				63FCF1BC1A7D9AD600571873 /* JSON.swift */,
				63FCF1BD1A7D9AD600571873 /* Logging.swift */,
				63FCF1B41A7D9ACE00571873 /* Random.swift */,
				63FCF1B51A7D9ACE00571873 /* Regex.swift */,
				63FCF1B61A7D9ACE00571873 /* Singleton.swift */,
				63FCF1B71A7D9ACE00571873 /* Timer.swift */,
			);
			name = Util;
			sourceTree = "<group>";
		};
		63FCF1C21A7D9ADF00571873 /* Extensions */ = {
			isa = PBXGroup;
			children = (
				63FCF1CF1A7D9AE300571873 /* Bundle.swift */,
				63FCF1C31A7D9ADF00571873 /* ArrayExtension.swift */,
				63FCF1C41A7D9ADF00571873 /* ColorExtension.swift */,
				63FCF1C51A7D9ADF00571873 /* ImageExtension.swift */,
				63FCF1C61A7D9ADF00571873 /* NSDataExtension.swift */,
				63FCF1C71A7D9ADF00571873 /* NSNumberExtension.swift */,
				63FCF1C81A7D9ADF00571873 /* StringExtension.swift */,
			);
			path = Extensions;
			sourceTree = "<group>";
		};
		63FCF1D11A7D9AEB00571873 /* Network */ = {
			isa = PBXGroup;
			children = (
				63FCF1D21A7D9AF900571873 /* Connection.swift */,
				63FCF1D31A7D9AF900571873 /* ConnectionManager.swift */,
				63FCF1D41A7D9AF900571873 /* Packet.swift */,
				63FCF1D51A7D9AF900571873 /* Reachability.swift */,
			);
			name = Network;
			sourceTree = "<group>";
		};
		63FCF1E01A7E208700571873 /* Math */ = {
			isa = PBXGroup;
			children = (
				63FCF1EB1A7E20CE00571873 /* DoubleExtension.swift */,
				63FCF1E11A7E20C300571873 /* ClockMath.swift */,
				63FCF1E21A7E20C300571873 /* MatrixMath.swift */,
				63FCF1E31A7E20C300571873 /* SequnceGenerators.swift */,
				63FCF1E41A7E20C300571873 /* SwiftMath.swift */,
				63FCF1E51A7E20C300571873 /* VectorMath.swift */,
			);
			name = Math;
			sourceTree = "<group>";
		};
/* End PBXGroup section */

/* Begin PBXNativeTarget section */
		63F38EDE1A7D6BDE0062E3D8 /* MyoLeviathan */ = {
			isa = PBXNativeTarget;
			buildConfigurationList = 63F38EFE1A7D6BDE0062E3D8 /* Build configuration list for PBXNativeTarget "MyoLeviathan" */;
			buildPhases = (
				63F38EDB1A7D6BDE0062E3D8 /* Sources */,
				63F38EDC1A7D6BDE0062E3D8 /* Frameworks */,
				63F38EDD1A7D6BDE0062E3D8 /* Resources */,
			);
			buildRules = (
			);
			dependencies = (
			);
			name = MyoLeviathan;
			productName = MyoLeviathan;
			productReference = 63F38EDF1A7D6BDE0062E3D8 /* MyoLeviathan.app */;
			productType = "com.apple.product-type.application";
		};
		63F38EF31A7D6BDE0062E3D8 /* MyoLeviathanTests */ = {
			isa = PBXNativeTarget;
			buildConfigurationList = 63F38F011A7D6BDE0062E3D8 /* Build configuration list for PBXNativeTarget "MyoLeviathanTests" */;
			buildPhases = (
				63F38EF01A7D6BDE0062E3D8 /* Sources */,
				63F38EF11A7D6BDE0062E3D8 /* Frameworks */,
				63F38EF21A7D6BDE0062E3D8 /* Resources */,
			);
			buildRules = (
			);
			dependencies = (
				63F38EF61A7D6BDE0062E3D8 /* PBXTargetDependency */,
			);
			name = MyoLeviathanTests;
			productName = MyoLeviathanTests;
			productReference = 63F38EF41A7D6BDE0062E3D8 /* MyoLeviathanTests.xctest */;
			productType = "com.apple.product-type.bundle.unit-test";
		};
/* End PBXNativeTarget section */

/* Begin PBXProject section */
		63F38ED71A7D6BDE0062E3D8 /* Project object */ = {
			isa = PBXProject;
			attributes = {
				LastUpgradeCheck = 0610;
				ORGANIZATIONNAME = "1342435 ALBERTA LTD";
				TargetAttributes = {
					63F38EDE1A7D6BDE0062E3D8 = {
						CreatedOnToolsVersion = 6.1.1;
						SystemCapabilities = {
							com.apple.BackgroundModes = {
								enabled = 1;
							};
						};
					};
					63F38EF31A7D6BDE0062E3D8 = {
						CreatedOnToolsVersion = 6.1.1;
						TestTargetID = 63F38EDE1A7D6BDE0062E3D8;
					};
				};
			};
			buildConfigurationList = 63F38EDA1A7D6BDE0062E3D8 /* Build configuration list for PBXProject "MyoLeviathan" */;
			compatibilityVersion = "Xcode 3.2";
			developmentRegion = English;
			hasScannedForEncodings = 0;
			knownRegions = (
				en,
				Base,
			);
			mainGroup = 63F38ED61A7D6BDE0062E3D8;
			productRefGroup = 63F38EE01A7D6BDE0062E3D8 /* Products */;
			projectDirPath = "";
			projectRoot = "";
			targets = (
				63F38EDE1A7D6BDE0062E3D8 /* MyoLeviathan */,
				63F38EF31A7D6BDE0062E3D8 /* MyoLeviathanTests */,
			);
		};
/* End PBXProject section */

/* Begin PBXResourcesBuildPhase section */
		63F38EDD1A7D6BDE0062E3D8 /* Resources */ = {
			isa = PBXResourcesBuildPhase;
			buildActionMask = 2147483647;
			files = (
				63EA6A2A1A7D975200B20C4A /* Notes in Resources */,
				63EA6A1F1A7D92B400B20C4A /* Gesture-reference-gesture.gif in Resources */,
				63EA6A281A7D96C400B20C4A /* gesture.html in Resources */,
				63FCF1DF1A7E1A8C00571873 /* clenched_fist-48.png in Resources */,
				63FCF1DB1A7D9F0F00571873 /* flblog.png in Resources */,
				63F38EEA1A7D6BDE0062E3D8 /* Main.storyboard in Resources */,
				63F38EEF1A7D6BDE0062E3D8 /* LaunchScreen.xib in Resources */,
				63F38EEC1A7D6BDE0062E3D8 /* Images.xcassets in Resources */,
			);
			runOnlyForDeploymentPostprocessing = 0;
		};
		63F38EF21A7D6BDE0062E3D8 /* Resources */ = {
			isa = PBXResourcesBuildPhase;
			buildActionMask = 2147483647;
			files = (
			);
			runOnlyForDeploymentPostprocessing = 0;
		};
/* End PBXResourcesBuildPhase section */

/* Begin PBXSourcesBuildPhase section */
		63F38EDB1A7D6BDE0062E3D8 /* Sources */ = {
			isa = PBXSourcesBuildPhase;
			buildActionMask = 2147483647;
			files = (
				63FCF1ED1A7E20CE00571873 /* DoubleExtension.swift in Sources */,
				63F38EE51A7D6BDE0062E3D8 /* AppDelegate.swift in Sources */,
				63FCF1E91A7E20C300571873 /* SwiftMath.swift in Sources */,
				63FCF1BE1A7D9AD600571873 /* JSON.swift in Sources */,
				63FCF1CD1A7D9ADF00571873 /* NSNumberExtension.swift in Sources */,
				63FCF1D01A7D9AE300571873 /* Bundle.swift in Sources */,
				63F38F131A7D842E0062E3D8 /* MyoManager.swift in Sources */,
				63FCF1BF1A7D9AD600571873 /* Logging.swift in Sources */,
				63FCF1B81A7D9ACE00571873 /* Random.swift in Sources */,
				63FCF1D61A7D9AF900571873 /* Connection.swift in Sources */,
				63FCF1CA1A7D9ADF00571873 /* ColorExtension.swift in Sources */,
				63FCF1B91A7D9ACE00571873 /* Regex.swift in Sources */,
				63FCF1E61A7E20C300571873 /* ClockMath.swift in Sources */,
				63FCF1E81A7E20C300571873 /* SequnceGenerators.swift in Sources */,
				63FCF1EA1A7E20C300571873 /* VectorMath.swift in Sources */,
				63FCF1D71A7D9AF900571873 /* ConnectionManager.swift in Sources */,
				63FCF1E71A7E20C300571873 /* MatrixMath.swift in Sources */,
				63FCF1DD1A7DD42900571873 /* Packets.swift in Sources */,
				63EA6A0A1A7D854200B20C4A /* ConnectViewController.swift in Sources */,
				63FCF1CC1A7D9ADF00571873 /* NSDataExtension.swift in Sources */,
				63FCF1BA1A7D9ACE00571873 /* Singleton.swift in Sources */,
				63FCF1BB1A7D9ACE00571873 /* Timer.swift in Sources */,
				63FCF1D91A7D9AF900571873 /* Reachability.swift in Sources */,
				63EA6A0E1A7D855F00B20C4A /* ControllerViewController.swift in Sources */,
				63EA6A0C1A7D855100B20C4A /* SyncViewController.swift in Sources */,
				63FCF1CE1A7D9ADF00571873 /* StringExtension.swift in Sources */,
				63FCF1C11A7D9ADC00571873 /* Directory.swift in Sources */,
				63FCF1CB1A7D9ADF00571873 /* ImageExtension.swift in Sources */,
				63FCF1C91A7D9ADF00571873 /* ArrayExtension.swift in Sources */,
				63FCF1D81A7D9AF900571873 /* Packet.swift in Sources */,
			);
			runOnlyForDeploymentPostprocessing = 0;
		};
		63F38EF01A7D6BDE0062E3D8 /* Sources */ = {
			isa = PBXSourcesBuildPhase;
			buildActionMask = 2147483647;
			files = (
				63F38EFB1A7D6BDE0062E3D8 /* MyoLeviathanTests.swift in Sources */,
			);
			runOnlyForDeploymentPostprocessing = 0;
		};
/* End PBXSourcesBuildPhase section */

/* Begin PBXTargetDependency section */
		63F38EF61A7D6BDE0062E3D8 /* PBXTargetDependency */ = {
			isa = PBXTargetDependency;
			target = 63F38EDE1A7D6BDE0062E3D8 /* MyoLeviathan */;
			targetProxy = 63F38EF51A7D6BDE0062E3D8 /* PBXContainerItemProxy */;
		};
/* End PBXTargetDependency section */

/* Begin PBXVariantGroup section */
		63F38EE81A7D6BDE0062E3D8 /* Main.storyboard */ = {
			isa = PBXVariantGroup;
			children = (
				63F38EE91A7D6BDE0062E3D8 /* Base */,
			);
			name = Main.storyboard;
			sourceTree = "<group>";
		};
		63F38EED1A7D6BDE0062E3D8 /* LaunchScreen.xib */ = {
			isa = PBXVariantGroup;
			children = (
				63F38EEE1A7D6BDE0062E3D8 /* Base */,
			);
			name = LaunchScreen.xib;
			sourceTree = "<group>";
		};
/* End PBXVariantGroup section */

/* Begin XCBuildConfiguration section */
		63F38EFC1A7D6BDE0062E3D8 /* Debug */ = {
			isa = XCBuildConfiguration;
			buildSettings = {
				ALWAYS_SEARCH_USER_PATHS = NO;
				CLANG_CXX_LANGUAGE_STANDARD = "gnu++0x";
				CLANG_CXX_LIBRARY = "libc++";
				CLANG_ENABLE_MODULES = YES;
				CLANG_ENABLE_OBJC_ARC = YES;
				CLANG_WARN_BOOL_CONVERSION = YES;
				CLANG_WARN_CONSTANT_CONVERSION = YES;
				CLANG_WARN_DIRECT_OBJC_ISA_USAGE = YES_ERROR;
				CLANG_WARN_EMPTY_BODY = YES;
				CLANG_WARN_ENUM_CONVERSION = YES;
				CLANG_WARN_INT_CONVERSION = YES;
				CLANG_WARN_OBJC_ROOT_CLASS = YES_ERROR;
				CLANG_WARN_UNREACHABLE_CODE = YES;
				CLANG_WARN__DUPLICATE_METHOD_MATCH = YES;
				"CODE_SIGN_IDENTITY[sdk=iphoneos*]" = "iPhone Developer";
				COPY_PHASE_STRIP = NO;
				ENABLE_STRICT_OBJC_MSGSEND = YES;
				GCC_C_LANGUAGE_STANDARD = gnu99;
				GCC_DYNAMIC_NO_PIC = NO;
				GCC_OPTIMIZATION_LEVEL = 0;
				GCC_PREPROCESSOR_DEFINITIONS = (
					"DEBUG=1",
					"$(inherited)",
				);
				GCC_SYMBOLS_PRIVATE_EXTERN = NO;
				GCC_WARN_64_TO_32_BIT_CONVERSION = YES;
				GCC_WARN_ABOUT_RETURN_TYPE = YES_ERROR;
				GCC_WARN_UNDECLARED_SELECTOR = YES;
				GCC_WARN_UNINITIALIZED_AUTOS = YES_AGGRESSIVE;
				GCC_WARN_UNUSED_FUNCTION = YES;
				GCC_WARN_UNUSED_VARIABLE = YES;
				IPHONEOS_DEPLOYMENT_TARGET = 8.1;
				MTL_ENABLE_DEBUG_INFO = YES;
				ONLY_ACTIVE_ARCH = YES;
				SDKROOT = iphoneos;
				SWIFT_OPTIMIZATION_LEVEL = "-Onone";
				TARGETED_DEVICE_FAMILY = "1,2";
			};
			name = Debug;
		};
		63F38EFD1A7D6BDE0062E3D8 /* Release */ = {
			isa = XCBuildConfiguration;
			buildSettings = {
				ALWAYS_SEARCH_USER_PATHS = NO;
				CLANG_CXX_LANGUAGE_STANDARD = "gnu++0x";
				CLANG_CXX_LIBRARY = "libc++";
				CLANG_ENABLE_MODULES = YES;
				CLANG_ENABLE_OBJC_ARC = YES;
				CLANG_WARN_BOOL_CONVERSION = YES;
				CLANG_WARN_CONSTANT_CONVERSION = YES;
				CLANG_WARN_DIRECT_OBJC_ISA_USAGE = YES_ERROR;
				CLANG_WARN_EMPTY_BODY = YES;
				CLANG_WARN_ENUM_CONVERSION = YES;
				CLANG_WARN_INT_CONVERSION = YES;
				CLANG_WARN_OBJC_ROOT_CLASS = YES_ERROR;
				CLANG_WARN_UNREACHABLE_CODE = YES;
				CLANG_WARN__DUPLICATE_METHOD_MATCH = YES;
				"CODE_SIGN_IDENTITY[sdk=iphoneos*]" = "iPhone Developer";
				COPY_PHASE_STRIP = YES;
				ENABLE_NS_ASSERTIONS = NO;
				ENABLE_STRICT_OBJC_MSGSEND = YES;
				GCC_C_LANGUAGE_STANDARD = gnu99;
				GCC_WARN_64_TO_32_BIT_CONVERSION = YES;
				GCC_WARN_ABOUT_RETURN_TYPE = YES_ERROR;
				GCC_WARN_UNDECLARED_SELECTOR = YES;
				GCC_WARN_UNINITIALIZED_AUTOS = YES_AGGRESSIVE;
				GCC_WARN_UNUSED_FUNCTION = YES;
				GCC_WARN_UNUSED_VARIABLE = YES;
				IPHONEOS_DEPLOYMENT_TARGET = 8.1;
				MTL_ENABLE_DEBUG_INFO = NO;
				SDKROOT = iphoneos;
				TARGETED_DEVICE_FAMILY = "1,2";
				VALIDATE_PRODUCT = YES;
			};
			name = Release;
		};
		63F38EFF1A7D6BDE0062E3D8 /* Debug */ = {
			isa = XCBuildConfiguration;
			buildSettings = {
				ASSETCATALOG_COMPILER_APPICON_NAME = AppIcon;
				FRAMEWORK_SEARCH_PATHS = (
					"$(inherited)",
					"$(PROJECT_DIR)",
				);
				INFOPLIST_FILE = MyoLeviathan/Info.plist;
				LD_RUNPATH_SEARCH_PATHS = "$(inherited) @executable_path/Frameworks";
				PRODUCT_NAME = "$(TARGET_NAME)";
				SWIFT_OBJC_BRIDGING_HEADER = "MyoLeviathan/Bridging-Header.h";
			};
			name = Debug;
		};
		63F38F001A7D6BDE0062E3D8 /* Release */ = {
			isa = XCBuildConfiguration;
			buildSettings = {
				ASSETCATALOG_COMPILER_APPICON_NAME = AppIcon;
				FRAMEWORK_SEARCH_PATHS = (
					"$(inherited)",
					"$(PROJECT_DIR)",
				);
				INFOPLIST_FILE = MyoLeviathan/Info.plist;
				LD_RUNPATH_SEARCH_PATHS = "$(inherited) @executable_path/Frameworks";
				PRODUCT_NAME = "$(TARGET_NAME)";
				SWIFT_OBJC_BRIDGING_HEADER = "MyoLeviathan/Bridging-Header.h";
			};
			name = Release;
		};
		63F38F021A7D6BDE0062E3D8 /* Debug */ = {
			isa = XCBuildConfiguration;
			buildSettings = {
				BUNDLE_LOADER = "$(TEST_HOST)";
				FRAMEWORK_SEARCH_PATHS = (
					"$(SDKROOT)/Developer/Library/Frameworks",
					"$(inherited)",
				);
				GCC_PREPROCESSOR_DEFINITIONS = (
					"DEBUG=1",
					"$(inherited)",
				);
				INFOPLIST_FILE = MyoLeviathanTests/Info.plist;
				LD_RUNPATH_SEARCH_PATHS = "$(inherited) @executable_path/Frameworks @loader_path/Frameworks";
				PRODUCT_NAME = "$(TARGET_NAME)";
				TEST_HOST = "$(BUILT_PRODUCTS_DIR)/MyoLeviathan.app/MyoLeviathan";
			};
			name = Debug;
		};
		63F38F031A7D6BDE0062E3D8 /* Release */ = {
			isa = XCBuildConfiguration;
			buildSettings = {
				BUNDLE_LOADER = "$(TEST_HOST)";
				FRAMEWORK_SEARCH_PATHS = (
					"$(SDKROOT)/Developer/Library/Frameworks",
					"$(inherited)",
				);
				INFOPLIST_FILE = MyoLeviathanTests/Info.plist;
				LD_RUNPATH_SEARCH_PATHS = "$(inherited) @executable_path/Frameworks @loader_path/Frameworks";
				PRODUCT_NAME = "$(TARGET_NAME)";
				TEST_HOST = "$(BUILT_PRODUCTS_DIR)/MyoLeviathan.app/MyoLeviathan";
			};
			name = Release;
		};
/* End XCBuildConfiguration section */

/* Begin XCConfigurationList section */
		63F38EDA1A7D6BDE0062E3D8 /* Build configuration list for PBXProject "MyoLeviathan" */ = {
			isa = XCConfigurationList;
			buildConfigurations = (
				63F38EFC1A7D6BDE0062E3D8 /* Debug */,
				63F38EFD1A7D6BDE0062E3D8 /* Release */,
			);
			defaultConfigurationIsVisible = 0;
			defaultConfigurationName = Release;
		};
		63F38EFE1A7D6BDE0062E3D8 /* Build configuration list for PBXNativeTarget "MyoLeviathan" */ = {
			isa = XCConfigurationList;
			buildConfigurations = (
				63F38EFF1A7D6BDE0062E3D8 /* Debug */,
				63F38F001A7D6BDE0062E3D8 /* Release */,
			);
			defaultConfigurationIsVisible = 0;
			defaultConfigurationName = Release;
		};
		63F38F011A7D6BDE0062E3D8 /* Build configuration list for PBXNativeTarget "MyoLeviathanTests" */ = {
			isa = XCConfigurationList;
			buildConfigurations = (
				63F38F021A7D6BDE0062E3D8 /* Debug */,
				63F38F031A7D6BDE0062E3D8 /* Release */,
			);
			defaultConfigurationIsVisible = 0;
			defaultConfigurationName = Release;
		};
/* End XCConfigurationList section */
	};
	rootObject = 63F38ED71A7D6BDE0062E3D8 /* Project object */;
}
