// !$*UTF8*$!
{
	archiveVersion = 1;
	classes = {
	};
	objectVersion = 46;
	objects = {

/* Begin PBXBuildFile section */
		636A65E41A7D630A00774290 /* AppDelegate.swift in Sources */ = {isa = PBXBuildFile; fileRef = 636A65E31A7D630A00774290 /* AppDelegate.swift */; };
		636A65E61A7D630A00774290 /* ViewController.swift in Sources */ = {isa = PBXBuildFile; fileRef = 636A65E51A7D630A00774290 /* ViewController.swift */; };
		636A65E91A7D630A00774290 /* Main.storyboard in Resources */ = {isa = PBXBuildFile; fileRef = 636A65E71A7D630A00774290 /* Main.storyboard */; };
		636A65EB1A7D630A00774290 /* Images.xcassets in Resources */ = {isa = PBXBuildFile; fileRef = 636A65EA1A7D630A00774290 /* Images.xcassets */; };
		636A65EE1A7D630A00774290 /* LaunchScreen.xib in Resources */ = {isa = PBXBuildFile; fileRef = 636A65EC1A7D630A00774290 /* LaunchScreen.xib */; };
		636A65FA1A7D630A00774290 /* ControllerTests.swift in Sources */ = {isa = PBXBuildFile; fileRef = 636A65F91A7D630A00774290 /* ControllerTests.swift */; };
/* End PBXBuildFile section */

/* Begin PBXContainerItemProxy section */
		636A65F41A7D630A00774290 /* PBXContainerItemProxy */ = {
			isa = PBXContainerItemProxy;
			containerPortal = 636A65D61A7D630A00774290 /* Project object */;
			proxyType = 1;
			remoteGlobalIDString = 636A65DD1A7D630A00774290;
			remoteInfo = Controller;
		};
/* End PBXContainerItemProxy section */

/* Begin PBXFileReference section */
		636A65DE1A7D630A00774290 /* Controller.app */ = {isa = PBXFileReference; explicitFileType = wrapper.application; includeInIndex = 0; path = Controller.app; sourceTree = BUILT_PRODUCTS_DIR; };
		636A65E21A7D630A00774290 /* Info.plist */ = {isa = PBXFileReference; lastKnownFileType = text.plist.xml; path = Info.plist; sourceTree = "<group>"; };
		636A65E31A7D630A00774290 /* AppDelegate.swift */ = {isa = PBXFileReference; lastKnownFileType = sourcecode.swift; path = AppDelegate.swift; sourceTree = "<group>"; };
		636A65E51A7D630A00774290 /* ViewController.swift */ = {isa = PBXFileReference; lastKnownFileType = sourcecode.swift; path = ViewController.swift; sourceTree = "<group>"; };
		636A65E81A7D630A00774290 /* Base */ = {isa = PBXFileReference; lastKnownFileType = file.storyboard; name = Base; path = Base.lproj/Main.storyboard; sourceTree = "<group>"; };
		636A65EA1A7D630A00774290 /* Images.xcassets */ = {isa = PBXFileReference; lastKnownFileType = folder.assetcatalog; path = Images.xcassets; sourceTree = "<group>"; };
		636A65ED1A7D630A00774290 /* Base */ = {isa = PBXFileReference; lastKnownFileType = file.xib; name = Base; path = Base.lproj/LaunchScreen.xib; sourceTree = "<group>"; };
		636A65F31A7D630A00774290 /* ControllerTests.xctest */ = {isa = PBXFileReference; explicitFileType = wrapper.cfbundle; includeInIndex = 0; path = ControllerTests.xctest; sourceTree = BUILT_PRODUCTS_DIR; };
		636A65F81A7D630A00774290 /* Info.plist */ = {isa = PBXFileReference; lastKnownFileType = text.plist.xml; path = Info.plist; sourceTree = "<group>"; };
		636A65F91A7D630A00774290 /* ControllerTests.swift */ = {isa = PBXFileReference; lastKnownFileType = sourcecode.swift; path = ControllerTests.swift; sourceTree = "<group>"; };
/* End PBXFileReference section */

/* Begin PBXFrameworksBuildPhase section */
		636A65DB1A7D630A00774290 /* Frameworks */ = {
			isa = PBXFrameworksBuildPhase;
			buildActionMask = 2147483647;
			files = (
			);
			runOnlyForDeploymentPostprocessing = 0;
		};
		636A65F01A7D630A00774290 /* Frameworks */ = {
			isa = PBXFrameworksBuildPhase;
			buildActionMask = 2147483647;
			files = (
			);
			runOnlyForDeploymentPostprocessing = 0;
		};
/* End PBXFrameworksBuildPhase section */

/* Begin PBXGroup section */
		636A65D51A7D630A00774290 = {
			isa = PBXGroup;
			children = (
				636A65E01A7D630A00774290 /* Controller */,
				636A65F61A7D630A00774290 /* ControllerTests */,
				636A65DF1A7D630A00774290 /* Products */,
			);
			sourceTree = "<group>";
		};
		636A65DF1A7D630A00774290 /* Products */ = {
			isa = PBXGroup;
			children = (
				636A65DE1A7D630A00774290 /* Controller.app */,
				636A65F31A7D630A00774290 /* ControllerTests.xctest */,
			);
			name = Products;
			sourceTree = "<group>";
		};
		636A65E01A7D630A00774290 /* Controller */ = {
			isa = PBXGroup;
			children = (
				636A65E31A7D630A00774290 /* AppDelegate.swift */,
				636A65E51A7D630A00774290 /* ViewController.swift */,
				636A65E71A7D630A00774290 /* Main.storyboard */,
				636A65EA1A7D630A00774290 /* Images.xcassets */,
				636A65EC1A7D630A00774290 /* LaunchScreen.xib */,
				636A65E11A7D630A00774290 /* Supporting Files */,
			);
			path = Controller;
			sourceTree = "<group>";
		};
		636A65E11A7D630A00774290 /* Supporting Files */ = {
			isa = PBXGroup;
			children = (
				636A65E21A7D630A00774290 /* Info.plist */,
			);
			name = "Supporting Files";
			sourceTree = "<group>";
		};
		636A65F61A7D630A00774290 /* ControllerTests */ = {
			isa = PBXGroup;
			children = (
				636A65F91A7D630A00774290 /* ControllerTests.swift */,
				636A65F71A7D630A00774290 /* Supporting Files */,
			);
			path = ControllerTests;
			sourceTree = "<group>";
		};
		636A65F71A7D630A00774290 /* Supporting Files */ = {
			isa = PBXGroup;
			children = (
				636A65F81A7D630A00774290 /* Info.plist */,
			);
			name = "Supporting Files";
			sourceTree = "<group>";
		};
/* End PBXGroup section */

/* Begin PBXNativeTarget section */
		636A65DD1A7D630A00774290 /* Controller */ = {
			isa = PBXNativeTarget;
			buildConfigurationList = 636A65FD1A7D630A00774290 /* Build configuration list for PBXNativeTarget "Controller" */;
			buildPhases = (
				636A65DA1A7D630A00774290 /* Sources */,
				636A65DB1A7D630A00774290 /* Frameworks */,
				636A65DC1A7D630A00774290 /* Resources */,
			);
			buildRules = (
			);
			dependencies = (
			);
			name = Controller;
			productName = Controller;
			productReference = 636A65DE1A7D630A00774290 /* Controller.app */;
			productType = "com.apple.product-type.application";
		};
		636A65F21A7D630A00774290 /* ControllerTests */ = {
			isa = PBXNativeTarget;
			buildConfigurationList = 636A66001A7D630A00774290 /* Build configuration list for PBXNativeTarget "ControllerTests" */;
			buildPhases = (
				636A65EF1A7D630A00774290 /* Sources */,
				636A65F01A7D630A00774290 /* Frameworks */,
				636A65F11A7D630A00774290 /* Resources */,
			);
			buildRules = (
			);
			dependencies = (
				636A65F51A7D630A00774290 /* PBXTargetDependency */,
			);
			name = ControllerTests;
			productName = ControllerTests;
			productReference = 636A65F31A7D630A00774290 /* ControllerTests.xctest */;
			productType = "com.apple.product-type.bundle.unit-test";
		};
/* End PBXNativeTarget section */

/* Begin PBXProject section */
		636A65D61A7D630A00774290 /* Project object */ = {
			isa = PBXProject;
			attributes = {
				LastUpgradeCheck = 0610;
				ORGANIZATIONNAME = "1342435 ALBERTA LTD";
				TargetAttributes = {
					636A65DD1A7D630A00774290 = {
						CreatedOnToolsVersion = 6.1.1;
					};
					636A65F21A7D630A00774290 = {
						CreatedOnToolsVersion = 6.1.1;
						TestTargetID = 636A65DD1A7D630A00774290;
					};
				};
			};
			buildConfigurationList = 636A65D91A7D630A00774290 /* Build configuration list for PBXProject "Controller" */;
			compatibilityVersion = "Xcode 3.2";
			developmentRegion = English;
			hasScannedForEncodings = 0;
			knownRegions = (
				en,
				Base,
			);
			mainGroup = 636A65D51A7D630A00774290;
			productRefGroup = 636A65DF1A7D630A00774290 /* Products */;
			projectDirPath = "";
			projectRoot = "";
			targets = (
				636A65DD1A7D630A00774290 /* Controller */,
				636A65F21A7D630A00774290 /* ControllerTests */,
			);
		};
/* End PBXProject section */

/* Begin PBXResourcesBuildPhase section */
		636A65DC1A7D630A00774290 /* Resources */ = {
			isa = PBXResourcesBuildPhase;
			buildActionMask = 2147483647;
			files = (
				636A65E91A7D630A00774290 /* Main.storyboard in Resources */,
				636A65EE1A7D630A00774290 /* LaunchScreen.xib in Resources */,
				636A65EB1A7D630A00774290 /* Images.xcassets in Resources */,
			);
			runOnlyForDeploymentPostprocessing = 0;
		};
		636A65F11A7D630A00774290 /* Resources */ = {
			isa = PBXResourcesBuildPhase;
			buildActionMask = 2147483647;
			files = (
			);
			runOnlyForDeploymentPostprocessing = 0;
		};
/* End PBXResourcesBuildPhase section */

/* Begin PBXSourcesBuildPhase section */
		636A65DA1A7D630A00774290 /* Sources */ = {
			isa = PBXSourcesBuildPhase;
			buildActionMask = 2147483647;
			files = (
				636A65E61A7D630A00774290 /* ViewController.swift in Sources */,
				636A65E41A7D630A00774290 /* AppDelegate.swift in Sources */,
			);
			runOnlyForDeploymentPostprocessing = 0;
		};
		636A65EF1A7D630A00774290 /* Sources */ = {
			isa = PBXSourcesBuildPhase;
			buildActionMask = 2147483647;
			files = (
				636A65FA1A7D630A00774290 /* ControllerTests.swift in Sources */,
			);
			runOnlyForDeploymentPostprocessing = 0;
		};
/* End PBXSourcesBuildPhase section */

/* Begin PBXTargetDependency section */
		636A65F51A7D630A00774290 /* PBXTargetDependency */ = {
			isa = PBXTargetDependency;
			target = 636A65DD1A7D630A00774290 /* Controller */;
			targetProxy = 636A65F41A7D630A00774290 /* PBXContainerItemProxy */;
		};
/* End PBXTargetDependency section */

/* Begin PBXVariantGroup section */
		636A65E71A7D630A00774290 /* Main.storyboard */ = {
			isa = PBXVariantGroup;
			children = (
				636A65E81A7D630A00774290 /* Base */,
			);
			name = Main.storyboard;
			sourceTree = "<group>";
		};
		636A65EC1A7D630A00774290 /* LaunchScreen.xib */ = {
			isa = PBXVariantGroup;
			children = (
				636A65ED1A7D630A00774290 /* Base */,
			);
			name = LaunchScreen.xib;
			sourceTree = "<group>";
		};
/* End PBXVariantGroup section */

/* Begin XCBuildConfiguration section */
		636A65FB1A7D630A00774290 /* Debug */ = {
			isa = XCBuildConfiguration;
			buildSettings = {
				ALWAYS_SEARCH_USER_PATHS = NO;
				CLANG_CXX_LANGUAGE_STANDARD = "gnu++0x";
				CLANG_CXX_LIBRARY = "libc++";
				CLANG_ENABLE_MODULES = YES;
				CLANG_ENABLE_OBJC_ARC = YES;
				CLANG_WARN_BOOL_CONVERSION = YES;
				CLANG_WARN_CONSTANT_CONVERSION = YES;
				CLANG_WARN_DIRECT_OBJC_ISA_USAGE = YES_ERROR;
				CLANG_WARN_EMPTY_BODY = YES;
				CLANG_WARN_ENUM_CONVERSION = YES;
				CLANG_WARN_INT_CONVERSION = YES;
				CLANG_WARN_OBJC_ROOT_CLASS = YES_ERROR;
				CLANG_WARN_UNREACHABLE_CODE = YES;
				CLANG_WARN__DUPLICATE_METHOD_MATCH = YES;
				"CODE_SIGN_IDENTITY[sdk=iphoneos*]" = "iPhone Developer";
				COPY_PHASE_STRIP = NO;
				ENABLE_STRICT_OBJC_MSGSEND = YES;
				GCC_C_LANGUAGE_STANDARD = gnu99;
				GCC_DYNAMIC_NO_PIC = NO;
				GCC_OPTIMIZATION_LEVEL = 0;
				GCC_PREPROCESSOR_DEFINITIONS = (
					"DEBUG=1",
					"$(inherited)",
				);
				GCC_SYMBOLS_PRIVATE_EXTERN = NO;
				GCC_WARN_64_TO_32_BIT_CONVERSION = YES;
				GCC_WARN_ABOUT_RETURN_TYPE = YES_ERROR;
				GCC_WARN_UNDECLARED_SELECTOR = YES;
				GCC_WARN_UNINITIALIZED_AUTOS = YES_AGGRESSIVE;
				GCC_WARN_UNUSED_FUNCTION = YES;
				GCC_WARN_UNUSED_VARIABLE = YES;
				IPHONEOS_DEPLOYMENT_TARGET = 8.1;
				MTL_ENABLE_DEBUG_INFO = YES;
				ONLY_ACTIVE_ARCH = YES;
				SDKROOT = iphoneos;
				SWIFT_OPTIMIZATION_LEVEL = "-Onone";
				TARGETED_DEVICE_FAMILY = "1,2";
			};
			name = Debug;
		};
		636A65FC1A7D630A00774290 /* Release */ = {
			isa = XCBuildConfiguration;
			buildSettings = {
				ALWAYS_SEARCH_USER_PATHS = NO;
				CLANG_CXX_LANGUAGE_STANDARD = "gnu++0x";
				CLANG_CXX_LIBRARY = "libc++";
				CLANG_ENABLE_MODULES = YES;
				CLANG_ENABLE_OBJC_ARC = YES;
				CLANG_WARN_BOOL_CONVERSION = YES;
				CLANG_WARN_CONSTANT_CONVERSION = YES;
				CLANG_WARN_DIRECT_OBJC_ISA_USAGE = YES_ERROR;
				CLANG_WARN_EMPTY_BODY = YES;
				CLANG_WARN_ENUM_CONVERSION = YES;
				CLANG_WARN_INT_CONVERSION = YES;
				CLANG_WARN_OBJC_ROOT_CLASS = YES_ERROR;
				CLANG_WARN_UNREACHABLE_CODE = YES;
				CLANG_WARN__DUPLICATE_METHOD_MATCH = YES;
				"CODE_SIGN_IDENTITY[sdk=iphoneos*]" = "iPhone Developer";
				COPY_PHASE_STRIP = YES;
				ENABLE_NS_ASSERTIONS = NO;
				ENABLE_STRICT_OBJC_MSGSEND = YES;
				GCC_C_LANGUAGE_STANDARD = gnu99;
				GCC_WARN_64_TO_32_BIT_CONVERSION = YES;
				GCC_WARN_ABOUT_RETURN_TYPE = YES_ERROR;
				GCC_WARN_UNDECLARED_SELECTOR = YES;
				GCC_WARN_UNINITIALIZED_AUTOS = YES_AGGRESSIVE;
				GCC_WARN_UNUSED_FUNCTION = YES;
				GCC_WARN_UNUSED_VARIABLE = YES;
				IPHONEOS_DEPLOYMENT_TARGET = 8.1;
				MTL_ENABLE_DEBUG_INFO = NO;
				SDKROOT = iphoneos;
				TARGETED_DEVICE_FAMILY = "1,2";
				VALIDATE_PRODUCT = YES;
			};
			name = Release;
		};
		636A65FE1A7D630A00774290 /* Debug */ = {
			isa = XCBuildConfiguration;
			buildSettings = {
				ASSETCATALOG_COMPILER_APPICON_NAME = AppIcon;
				INFOPLIST_FILE = Controller/Info.plist;
				LD_RUNPATH_SEARCH_PATHS = "$(inherited) @executable_path/Frameworks";
				PRODUCT_NAME = "$(TARGET_NAME)";
			};
			name = Debug;
		};
		636A65FF1A7D630A00774290 /* Release */ = {
			isa = XCBuildConfiguration;
			buildSettings = {
				ASSETCATALOG_COMPILER_APPICON_NAME = AppIcon;
				INFOPLIST_FILE = Controller/Info.plist;
				LD_RUNPATH_SEARCH_PATHS = "$(inherited) @executable_path/Frameworks";
				PRODUCT_NAME = "$(TARGET_NAME)";
			};
			name = Release;
		};
		636A66011A7D630A00774290 /* Debug */ = {
			isa = XCBuildConfiguration;
			buildSettings = {
				BUNDLE_LOADER = "$(TEST_HOST)";
				FRAMEWORK_SEARCH_PATHS = (
					"$(SDKROOT)/Developer/Library/Frameworks",
					"$(inherited)",
				);
				GCC_PREPROCESSOR_DEFINITIONS = (
					"DEBUG=1",
					"$(inherited)",
				);
				INFOPLIST_FILE = ControllerTests/Info.plist;
				LD_RUNPATH_SEARCH_PATHS = "$(inherited) @executable_path/Frameworks @loader_path/Frameworks";
				PRODUCT_NAME = "$(TARGET_NAME)";
				TEST_HOST = "$(BUILT_PRODUCTS_DIR)/Controller.app/Controller";
			};
			name = Debug;
		};
		636A66021A7D630A00774290 /* Release */ = {
			isa = XCBuildConfiguration;
			buildSettings = {
				BUNDLE_LOADER = "$(TEST_HOST)";
				FRAMEWORK_SEARCH_PATHS = (
					"$(SDKROOT)/Developer/Library/Frameworks",
					"$(inherited)",
				);
				INFOPLIST_FILE = ControllerTests/Info.plist;
				LD_RUNPATH_SEARCH_PATHS = "$(inherited) @executable_path/Frameworks @loader_path/Frameworks";
				PRODUCT_NAME = "$(TARGET_NAME)";
				TEST_HOST = "$(BUILT_PRODUCTS_DIR)/Controller.app/Controller";
			};
			name = Release;
		};
/* End XCBuildConfiguration section */

/* Begin XCConfigurationList section */
		636A65D91A7D630A00774290 /* Build configuration list for PBXProject "Controller" */ = {
			isa = XCConfigurationList;
			buildConfigurations = (
				636A65FB1A7D630A00774290 /* Debug */,
				636A65FC1A7D630A00774290 /* Release */,
			);
			defaultConfigurationIsVisible = 0;
			defaultConfigurationName = Release;
		};
		636A65FD1A7D630A00774290 /* Build configuration list for PBXNativeTarget "Controller" */ = {
			isa = XCConfigurationList;
			buildConfigurations = (
				636A65FE1A7D630A00774290 /* Debug */,
				636A65FF1A7D630A00774290 /* Release */,
			);
			defaultConfigurationIsVisible = 0;
		};
		636A66001A7D630A00774290 /* Build configuration list for PBXNativeTarget "ControllerTests" */ = {
			isa = XCConfigurationList;
			buildConfigurations = (
				636A66011A7D630A00774290 /* Debug */,
				636A66021A7D630A00774290 /* Release */,
			);
			defaultConfigurationIsVisible = 0;
		};
/* End XCConfigurationList section */
	};
	rootObject = 636A65D61A7D630A00774290 /* Project object */;
}
